
Microsoft Visual Studio Solution File, Format Version 12.00
# Visual Studio Version 17
VisualStudioVersion = 17.9.34622.214
MinimumVisualStudioVersion = 10.0.40219.1
Project("{FAE04EC0-301F-11D3-BF4B-00C04F79EFBC}") = "FreeSaas.Api", "FreeSaas.Api\FreeSaas.Api.csproj", "{93745C0A-1548-4E5A-89CC-FF8B5395A378}"
EndProject
Project("{FAE04EC0-301F-11D3-BF4B-00C04F79EFBC}") = "FreeSaas.Crosscutting", "FreeSaas.Crosscutting\FreeSaas.Crosscutting.csproj", "{E00D05A7-88C8-43A8-B6DD-75660BE16476}"
EndProject
Project("{FAE04EC0-301F-11D3-BF4B-00C04F79EFBC}") = "FreeSaas.Domain", "FreeSaas.Domain\FreeSaas.Domain.csproj", "{1800EC9F-7437-4A61-A82B-FC40169C34BC}"
EndProject
Project("{FAE04EC0-301F-11D3-BF4B-00C04F79EFBC}") = "FreeSaas.Service", "FreeSaas.Service\FreeSaas.Service.csproj", "{42F7084A-7380-4B58-A2CD-94E2DF252BB3}"
EndProject
Project("{FAE04EC0-301F-11D3-BF4B-00C04F79EFBC}") = "FreeSaas.Infrastructure", "FreeSaas.Infrastructure\FreeSaas.Infrastructure.csproj", "{14079D0F-78E5-4192-80E4-4882396F57F6}"
EndProject
Global
	GlobalSection(SolutionConfigurationPlatforms) = preSolution
		Debug|Any CPU = Debug|Any CPU
		Release|Any CPU = Release|Any CPU
	EndGlobalSection
	GlobalSection(ProjectConfigurationPlatforms) = postSolution
		{93745C0A-1548-4E5A-89CC-FF8B5395A378}.Debug|Any CPU.ActiveCfg = Debug|Any CPU
		{93745C0A-1548-4E5A-89CC-FF8B5395A378}.Debug|Any CPU.Build.0 = Debug|Any CPU
		{93745C0A-1548-4E5A-89CC-FF8B5395A378}.Release|Any CPU.ActiveCfg = Release|Any CPU
		{93745C0A-1548-4E5A-89CC-FF8B5395A378}.Release|Any CPU.Build.0 = Release|Any CPU
		{E00D05A7-88C8-43A8-B6DD-75660BE16476}.Debug|Any CPU.ActiveCfg = Debug|Any CPU
		{E00D05A7-88C8-43A8-B6DD-75660BE16476}.Debug|Any CPU.Build.0 = Debug|Any CPU
		{E00D05A7-88C8-43A8-B6DD-75660BE16476}.Release|Any CPU.ActiveCfg = Release|Any CPU
		{E00D05A7-88C8-43A8-B6DD-75660BE16476}.Release|Any CPU.Build.0 = Release|Any CPU
		{1800EC9F-7437-4A61-A82B-FC40169C34BC}.Debug|Any CPU.ActiveCfg = Debug|Any CPU
		{1800EC9F-7437-4A61-A82B-FC40169C34BC}.Debug|Any CPU.Build.0 = Debug|Any CPU
		{1800EC9F-7437-4A61-A82B-FC40169C34BC}.Release|Any CPU.ActiveCfg = Release|Any CPU
		{1800EC9F-7437-4A61-A82B-FC40169C34BC}.Release|Any CPU.Build.0 = Release|Any CPU
		{42F7084A-7380-4B58-A2CD-94E2DF252BB3}.Debug|Any CPU.ActiveCfg = Debug|Any CPU
		{42F7084A-7380-4B58-A2CD-94E2DF252BB3}.Debug|Any CPU.Build.0 = Debug|Any CPU
		{42F7084A-7380-4B58-A2CD-94E2DF252BB3}.Release|Any CPU.ActiveCfg = Release|Any CPU
		{42F7084A-7380-4B58-A2CD-94E2DF252BB3}.Release|Any CPU.Build.0 = Release|Any CPU
		{14079D0F-78E5-4192-80E4-4882396F57F6}.Debug|Any CPU.ActiveCfg = Debug|Any CPU
		{14079D0F-78E5-4192-80E4-4882396F57F6}.Debug|Any CPU.Build.0 = Debug|Any CPU
		{14079D0F-78E5-4192-80E4-4882396F57F6}.Release|Any CPU.ActiveCfg = Release|Any CPU
		{14079D0F-78E5-4192-80E4-4882396F57F6}.Release|Any CPU.Build.0 = Release|Any CPU
	EndGlobalSection
	GlobalSection(SolutionProperties) = preSolution
		HideSolutionNode = FALSE
	EndGlobalSection
	GlobalSection(ExtensibilityGlobals) = postSolution
		SolutionGuid = {795A442F-7702-4350-9CA7-00C8DF948D07}
	EndGlobalSection
EndGlobal
